// !$*UTF8*$!
{
	archiveVersion = 1;
	classes = {
	};
	objectVersion = 46;
	objects = {

/* Begin PBXBuildFile section */
		2E22238F1C8F0FBF00ACB611 /* main.m in Sources */ = {isa = PBXBuildFile; fileRef = 2E22238E1C8F0FBF00ACB611 /* main.m */; };
		2E2223921C8F0FBF00ACB611 /* AppDelegate.m in Sources */ = {isa = PBXBuildFile; fileRef = 2E2223911C8F0FBF00ACB611 /* AppDelegate.m */; };
		2E2223981C8F0FBF00ACB611 /* Main.storyboard in Resources */ = {isa = PBXBuildFile; fileRef = 2E2223961C8F0FBF00ACB611 /* Main.storyboard */; };
		2E22239A1C8F0FBF00ACB611 /* Assets.xcassets in Resources */ = {isa = PBXBuildFile; fileRef = 2E2223991C8F0FBF00ACB611 /* Assets.xcassets */; };
		2E22239D1C8F0FBF00ACB611 /* LaunchScreen.storyboard in Resources */ = {isa = PBXBuildFile; fileRef = 2E22239B1C8F0FBF00ACB611 /* LaunchScreen.storyboard */; };
		2E2223A61C8F0FCE00ACB611 /* SearchViewController.m in Sources */ = {isa = PBXBuildFile; fileRef = 2E2223A51C8F0FCE00ACB611 /* SearchViewController.m */; };
		2E2223A91C8F164100ACB611 /* API.m in Sources */ = {isa = PBXBuildFile; fileRef = 2E2223A81C8F164100ACB611 /* API.m */; };
		2E2223AC1C8F16B000ACB611 /* Recipe.m in Sources */ = {isa = PBXBuildFile; fileRef = 2E2223AB1C8F16B000ACB611 /* Recipe.m */; };
		2E2223AF1C8F512B00ACB611 /* WebRecipeDetailViewController.m in Sources */ = {isa = PBXBuildFile; fileRef = 2E2223AE1C8F512B00ACB611 /* WebRecipeDetailViewController.m */; };
		2E3C726A1CAAB6BA003B8B0E /* FetchContactsVC.m in Sources */ = {isa = PBXBuildFile; fileRef = 2E3C72691CAAB6BA003B8B0E /* FetchContactsVC.m */; };
		2EF3B62D1CA2C9630024FC34 /* RecipeCellTableViewCell.m in Sources */ = {isa = PBXBuildFile; fileRef = 2EF3B62B1CA2C9630024FC34 /* RecipeCellTableViewCell.m */; };
		2EF3B62E1CA2C9630024FC34 /* RecipeCellTableViewCell.xib in Resources */ = {isa = PBXBuildFile; fileRef = 2EF3B62C1CA2C9630024FC34 /* RecipeCellTableViewCell.xib */; };
		2EFF43E91CA187DA00F3F5CD /* UIImage+Extentions.m in Sources */ = {isa = PBXBuildFile; fileRef = 2EFF43E81CA187DA00F3F5CD /* UIImage+Extentions.m */; };
		2EFF43EC1CA1903C00F3F5CD /* ImageCacheManager.m in Sources */ = {isa = PBXBuildFile; fileRef = 2EFF43EB1CA1903C00F3F5CD /* ImageCacheManager.m */; };
/* End PBXBuildFile section */

/* Begin PBXFileReference section */
		2E22238A1C8F0FBF00ACB611 /* TestFoodAPI.app */ = {isa = PBXFileReference; explicitFileType = wrapper.application; includeInIndex = 0; path = TestFoodAPI.app; sourceTree = BUILT_PRODUCTS_DIR; };
		2E22238E1C8F0FBF00ACB611 /* main.m */ = {isa = PBXFileReference; lastKnownFileType = sourcecode.c.objc; path = main.m; sourceTree = "<group>"; };
		2E2223901C8F0FBF00ACB611 /* AppDelegate.h */ = {isa = PBXFileReference; lastKnownFileType = sourcecode.c.h; path = AppDelegate.h; sourceTree = "<group>"; };
		2E2223911C8F0FBF00ACB611 /* AppDelegate.m */ = {isa = PBXFileReference; lastKnownFileType = sourcecode.c.objc; path = AppDelegate.m; sourceTree = "<group>"; };
		2E2223971C8F0FBF00ACB611 /* Base */ = {isa = PBXFileReference; lastKnownFileType = file.storyboard; name = Base; path = Base.lproj/Main.storyboard; sourceTree = "<group>"; };
		2E2223991C8F0FBF00ACB611 /* Assets.xcassets */ = {isa = PBXFileReference; lastKnownFileType = folder.assetcatalog; path = Assets.xcassets; sourceTree = "<group>"; };
		2E22239C1C8F0FBF00ACB611 /* Base */ = {isa = PBXFileReference; lastKnownFileType = file.storyboard; name = Base; path = Base.lproj/LaunchScreen.storyboard; sourceTree = "<group>"; };
		2E22239E1C8F0FBF00ACB611 /* Info.plist */ = {isa = PBXFileReference; lastKnownFileType = text.plist.xml; path = Info.plist; sourceTree = "<group>"; };
		2E2223A41C8F0FCE00ACB611 /* SearchViewController.h */ = {isa = PBXFileReference; fileEncoding = 4; lastKnownFileType = sourcecode.c.h; path = SearchViewController.h; sourceTree = "<group>"; };
		2E2223A51C8F0FCE00ACB611 /* SearchViewController.m */ = {isa = PBXFileReference; fileEncoding = 4; lastKnownFileType = sourcecode.c.objc; path = SearchViewController.m; sourceTree = "<group>"; };
		2E2223A71C8F164100ACB611 /* API.h */ = {isa = PBXFileReference; fileEncoding = 4; lastKnownFileType = sourcecode.c.h; path = API.h; sourceTree = "<group>"; };
		2E2223A81C8F164100ACB611 /* API.m */ = {isa = PBXFileReference; fileEncoding = 4; lastKnownFileType = sourcecode.c.objc; path = API.m; sourceTree = "<group>"; };
		2E2223AA1C8F16B000ACB611 /* Recipe.h */ = {isa = PBXFileReference; fileEncoding = 4; lastKnownFileType = sourcecode.c.h; path = Recipe.h; sourceTree = "<group>"; };
		2E2223AB1C8F16B000ACB611 /* Recipe.m */ = {isa = PBXFileReference; fileEncoding = 4; lastKnownFileType = sourcecode.c.objc; path = Recipe.m; sourceTree = "<group>"; };
		2E2223AD1C8F512B00ACB611 /* WebRecipeDetailViewController.h */ = {isa = PBXFileReference; fileEncoding = 4; lastKnownFileType = sourcecode.c.h; path = WebRecipeDetailViewController.h; sourceTree = "<group>"; };
		2E2223AE1C8F512B00ACB611 /* WebRecipeDetailViewController.m */ = {isa = PBXFileReference; fileEncoding = 4; lastKnownFileType = sourcecode.c.objc; path = WebRecipeDetailViewController.m; sourceTree = "<group>"; };
		2E3C72681CAAB6BA003B8B0E /* FetchContactsVC.h */ = {isa = PBXFileReference; fileEncoding = 4; lastKnownFileType = sourcecode.c.h; path = FetchContactsVC.h; sourceTree = "<group>"; };
		2E3C72691CAAB6BA003B8B0E /* FetchContactsVC.m */ = {isa = PBXFileReference; fileEncoding = 4; lastKnownFileType = sourcecode.c.objc; path = FetchContactsVC.m; sourceTree = "<group>"; };
		2EF3B62A1CA2C9630024FC34 /* RecipeCellTableViewCell.h */ = {isa = PBXFileReference; fileEncoding = 4; lastKnownFileType = sourcecode.c.h; path = RecipeCellTableViewCell.h; sourceTree = "<group>"; };
		2EF3B62B1CA2C9630024FC34 /* RecipeCellTableViewCell.m */ = {isa = PBXFileReference; fileEncoding = 4; lastKnownFileType = sourcecode.c.objc; path = RecipeCellTableViewCell.m; sourceTree = "<group>"; };
		2EF3B62C1CA2C9630024FC34 /* RecipeCellTableViewCell.xib */ = {isa = PBXFileReference; fileEncoding = 4; lastKnownFileType = file.xib; path = RecipeCellTableViewCell.xib; sourceTree = "<group>"; };
		2EFF43E71CA187DA00F3F5CD /* UIImage+Extentions.h */ = {isa = PBXFileReference; fileEncoding = 4; lastKnownFileType = sourcecode.c.h; name = "UIImage+Extentions.h"; path = "../UIImage+Extentions.h"; sourceTree = "<group>"; };
		2EFF43E81CA187DA00F3F5CD /* UIImage+Extentions.m */ = {isa = PBXFileReference; fileEncoding = 4; lastKnownFileType = sourcecode.c.objc; name = "UIImage+Extentions.m"; path = "../UIImage+Extentions.m"; sourceTree = "<group>"; };
		2EFF43EA1CA1903C00F3F5CD /* ImageCacheManager.h */ = {isa = PBXFileReference; fileEncoding = 4; lastKnownFileType = sourcecode.c.h; path = ImageCacheManager.h; sourceTree = "<group>"; };
		2EFF43EB1CA1903C00F3F5CD /* ImageCacheManager.m */ = {isa = PBXFileReference; fileEncoding = 4; lastKnownFileType = sourcecode.c.objc; path = ImageCacheManager.m; sourceTree = "<group>"; };
/* End PBXFileReference section */

/* Begin PBXFrameworksBuildPhase section */
		2E2223871C8F0FBF00ACB611 /* Frameworks */ = {
			isa = PBXFrameworksBuildPhase;
			buildActionMask = 2147483647;
			files = (
			);
			runOnlyForDeploymentPostprocessing = 0;
		};
/* End PBXFrameworksBuildPhase section */

/* Begin PBXGroup section */
		2E2223811C8F0FBF00ACB611 = {
			isa = PBXGroup;
			children = (
				2E22238C1C8F0FBF00ACB611 /* TestFoodAPI */,
				2E22238B1C8F0FBF00ACB611 /* Products */,
			);
			sourceTree = "<group>";
		};
		2E22238B1C8F0FBF00ACB611 /* Products */ = {
			isa = PBXGroup;
			children = (
				2E22238A1C8F0FBF00ACB611 /* TestFoodAPI.app */,
			);
			name = Products;
			sourceTree = "<group>";
		};
		2E22238C1C8F0FBF00ACB611 /* TestFoodAPI */ = {
			isa = PBXGroup;
			children = (
				2E2223901C8F0FBF00ACB611 /* AppDelegate.h */,
				2E2223911C8F0FBF00ACB611 /* AppDelegate.m */,
				2E2223961C8F0FBF00ACB611 /* Main.storyboard */,
				2E2223991C8F0FBF00ACB611 /* Assets.xcassets */,
				2E22239B1C8F0FBF00ACB611 /* LaunchScreen.storyboard */,
				2E22239E1C8F0FBF00ACB611 /* Info.plist */,
				2E22238D1C8F0FBF00ACB611 /* Supporting Files */,
				2E2223A41C8F0FCE00ACB611 /* SearchViewController.h */,
				2E2223A51C8F0FCE00ACB611 /* SearchViewController.m */,
				2E2223A71C8F164100ACB611 /* API.h */,
				2E2223A81C8F164100ACB611 /* API.m */,
				2E2223AA1C8F16B000ACB611 /* Recipe.h */,
				2E2223AB1C8F16B000ACB611 /* Recipe.m */,
				2E2223AD1C8F512B00ACB611 /* WebRecipeDetailViewController.h */,
				2E2223AE1C8F512B00ACB611 /* WebRecipeDetailViewController.m */,
				2EFF43E71CA187DA00F3F5CD /* UIImage+Extentions.h */,
				2EFF43E81CA187DA00F3F5CD /* UIImage+Extentions.m */,
				2EFF43EA1CA1903C00F3F5CD /* ImageCacheManager.h */,
				2EFF43EB1CA1903C00F3F5CD /* ImageCacheManager.m */,
				2EF3B62A1CA2C9630024FC34 /* RecipeCellTableViewCell.h */,
				2EF3B62B1CA2C9630024FC34 /* RecipeCellTableViewCell.m */,
				2EF3B62C1CA2C9630024FC34 /* RecipeCellTableViewCell.xib */,
				2E3C72681CAAB6BA003B8B0E /* FetchContactsVC.h */,
				2E3C72691CAAB6BA003B8B0E /* FetchContactsVC.m */,
			);
			path = TestFoodAPI;
			sourceTree = "<group>";
		};
		2E22238D1C8F0FBF00ACB611 /* Supporting Files */ = {
			isa = PBXGroup;
			children = (
				2E22238E1C8F0FBF00ACB611 /* main.m */,
			);
			name = "Supporting Files";
			sourceTree = "<group>";
		};
/* End PBXGroup section */

/* Begin PBXNativeTarget section */
		2E2223891C8F0FBF00ACB611 /* TestFoodAPI */ = {
			isa = PBXNativeTarget;
			buildConfigurationList = 2E2223A11C8F0FBF00ACB611 /* Build configuration list for PBXNativeTarget "TestFoodAPI" */;
			buildPhases = (
				2E2223861C8F0FBF00ACB611 /* Sources */,
				2E2223871C8F0FBF00ACB611 /* Frameworks */,
				2E2223881C8F0FBF00ACB611 /* Resources */,
			);
			buildRules = (
			);
			dependencies = (
			);
			name = TestFoodAPI;
			productName = TestFoodAPI;
			productReference = 2E22238A1C8F0FBF00ACB611 /* TestFoodAPI.app */;
			productType = "com.apple.product-type.application";
		};
/* End PBXNativeTarget section */

/* Begin PBXProject section */
		2E2223821C8F0FBF00ACB611 /* Project object */ = {
			isa = PBXProject;
			attributes = {
				LastUpgradeCheck = 0710;
				ORGANIZATIONNAME = "Bahram Haddadi";
				TargetAttributes = {
					2E2223891C8F0FBF00ACB611 = {
						CreatedOnToolsVersion = 7.1;
						DevelopmentTeam = HPZ5N8895K;
					};
				};
			};
			buildConfigurationList = 2E2223851C8F0FBF00ACB611 /* Build configuration list for PBXProject "TestFoodAPI" */;
			compatibilityVersion = "Xcode 3.2";
			developmentRegion = English;
			hasScannedForEncodings = 0;
			knownRegions = (
				en,
				Base,
			);
			mainGroup = 2E2223811C8F0FBF00ACB611;
			productRefGroup = 2E22238B1C8F0FBF00ACB611 /* Products */;
			projectDirPath = "";
			projectRoot = "";
			targets = (
				2E2223891C8F0FBF00ACB611 /* TestFoodAPI */,
			);
		};
/* End PBXProject section */

/* Begin PBXResourcesBuildPhase section */
		2E2223881C8F0FBF00ACB611 /* Resources */ = {
			isa = PBXResourcesBuildPhase;
			buildActionMask = 2147483647;
			files = (
				2E22239D1C8F0FBF00ACB611 /* LaunchScreen.storyboard in Resources */,
				2E22239A1C8F0FBF00ACB611 /* Assets.xcassets in Resources */,
				2E2223981C8F0FBF00ACB611 /* Main.storyboard in Resources */,
				2EF3B62E1CA2C9630024FC34 /* RecipeCellTableViewCell.xib in Resources */,
			);
			runOnlyForDeploymentPostprocessing = 0;
		};
/* End PBXResourcesBuildPhase section */

/* Begin PBXSourcesBuildPhase section */
		2E2223861C8F0FBF00ACB611 /* Sources */ = {
			isa = PBXSourcesBuildPhase;
			buildActionMask = 2147483647;
			files = (
				2E3C726A1CAAB6BA003B8B0E /* FetchContactsVC.m in Sources */,
				2E2223AC1C8F16B000ACB611 /* Recipe.m in Sources */,
				2E2223921C8F0FBF00ACB611 /* AppDelegate.m in Sources */,
				2EF3B62D1CA2C9630024FC34 /* RecipeCellTableViewCell.m in Sources */,
				2E2223A61C8F0FCE00ACB611 /* SearchViewController.m in Sources */,
				2EFF43EC1CA1903C00F3F5CD /* ImageCacheManager.m in Sources */,
				2EFF43E91CA187DA00F3F5CD /* UIImage+Extentions.m in Sources */,
				2E2223AF1C8F512B00ACB611 /* WebRecipeDetailViewController.m in Sources */,
				2E22238F1C8F0FBF00ACB611 /* main.m in Sources */,
				2E2223A91C8F164100ACB611 /* API.m in Sources */,
			);
			runOnlyForDeploymentPostprocessing = 0;
		};
/* End PBXSourcesBuildPhase section */

/* Begin PBXVariantGroup section */
		2E2223961C8F0FBF00ACB611 /* Main.storyboard */ = {
			isa = PBXVariantGroup;
			children = (
				2E2223971C8F0FBF00ACB611 /* Base */,
			);
			name = Main.storyboard;
			sourceTree = "<group>";
		};
		2E22239B1C8F0FBF00ACB611 /* LaunchScreen.storyboard */ = {
			isa = PBXVariantGroup;
			children = (
				2E22239C1C8F0FBF00ACB611 /* Base */,
			);
			name = LaunchScreen.storyboard;
			sourceTree = "<group>";
		};
/* End PBXVariantGroup section */

/* Begin XCBuildConfiguration section */
		2E22239F1C8F0FBF00ACB611 /* Debug */ = {
			isa = XCBuildConfiguration;
			buildSettings = {
				ALWAYS_SEARCH_USER_PATHS = NO;
				CLANG_CXX_LANGUAGE_STANDARD = "gnu++0x";
				CLANG_CXX_LIBRARY = "libc++";
				CLANG_ENABLE_MODULES = YES;
				CLANG_ENABLE_OBJC_ARC = YES;
				CLANG_WARN_BOOL_CONVERSION = YES;
				CLANG_WARN_CONSTANT_CONVERSION = YES;
				CLANG_WARN_DIRECT_OBJC_ISA_USAGE = YES_ERROR;
				CLANG_WARN_EMPTY_BODY = YES;
				CLANG_WARN_ENUM_CONVERSION = YES;
				CLANG_WARN_INT_CONVERSION = YES;
				CLANG_WARN_OBJC_ROOT_CLASS = YES_ERROR;
				CLANG_WARN_UNREACHABLE_CODE = YES;
				CLANG_WARN__DUPLICATE_METHOD_MATCH = YES;
				"CODE_SIGN_IDENTITY[sdk=iphoneos*]" = "iPhone Developer";
				COPY_PHASE_STRIP = NO;
				DEBUG_INFORMATION_FORMAT = dwarf;
				ENABLE_STRICT_OBJC_MSGSEND = YES;
				ENABLE_TESTABILITY = YES;
				GCC_C_LANGUAGE_STANDARD = gnu99;
				GCC_DYNAMIC_NO_PIC = NO;
				GCC_NO_COMMON_BLOCKS = YES;
				GCC_OPTIMIZATION_LEVEL = 0;
				GCC_PREPROCESSOR_DEFINITIONS = (
					"DEBUG=1",
					"$(inherited)",
				);
				GCC_WARN_64_TO_32_BIT_CONVERSION = YES;
				GCC_WARN_ABOUT_RETURN_TYPE = YES_ERROR;
				GCC_WARN_UNDECLARED_SELECTOR = YES;
				GCC_WARN_UNINITIALIZED_AUTOS = YES_AGGRESSIVE;
				GCC_WARN_UNUSED_FUNCTION = YES;
				GCC_WARN_UNUSED_VARIABLE = YES;
				IPHONEOS_DEPLOYMENT_TARGET = 9.1;
				MTL_ENABLE_DEBUG_INFO = YES;
				ONLY_ACTIVE_ARCH = YES;
				SDKROOT = iphoneos;
			};
			name = Debug;
		};
		2E2223A01C8F0FBF00ACB611 /* Release */ = {
			isa = XCBuildConfiguration;
			buildSettings = {
				ALWAYS_SEARCH_USER_PATHS = NO;
				CLANG_CXX_LANGUAGE_STANDARD = "gnu++0x";
				CLANG_CXX_LIBRARY = "libc++";
				CLANG_ENABLE_MODULES = YES;
				CLANG_ENABLE_OBJC_ARC = YES;
				CLANG_WARN_BOOL_CONVERSION = YES;
				CLANG_WARN_CONSTANT_CONVERSION = YES;
				CLANG_WARN_DIRECT_OBJC_ISA_USAGE = YES_ERROR;
				CLANG_WARN_EMPTY_BODY = YES;
				CLANG_WARN_ENUM_CONVERSION = YES;
				CLANG_WARN_INT_CONVERSION = YES;
				CLANG_WARN_OBJC_ROOT_CLASS = YES_ERROR;
				CLANG_WARN_UNREACHABLE_CODE = YES;
				CLANG_WARN__DUPLICATE_METHOD_MATCH = YES;
				"CODE_SIGN_IDENTITY[sdk=iphoneos*]" = "iPhone Developer";
				COPY_PHASE_STRIP = NO;
				DEBUG_INFORMATION_FORMAT = "dwarf-with-dsym";
				ENABLE_NS_ASSERTIONS = NO;
				ENABLE_STRICT_OBJC_MSGSEND = YES;
				GCC_C_LANGUAGE_STANDARD = gnu99;
				GCC_NO_COMMON_BLOCKS = YES;
				GCC_WARN_64_TO_32_BIT_CONVERSION = YES;
				GCC_WARN_ABOUT_RETURN_TYPE = YES_ERROR;
				GCC_WARN_UNDECLARED_SELECTOR = YES;
				GCC_WARN_UNINITIALIZED_AUTOS = YES_AGGRESSIVE;
				GCC_WARN_UNUSED_FUNCTION = YES;
				GCC_WARN_UNUSED_VARIABLE = YES;
				IPHONEOS_DEPLOYMENT_TARGET = 9.1;
				MTL_ENABLE_DEBUG_INFO = NO;
				SDKROOT = iphoneos;
				VALIDATE_PRODUCT = YES;
			};
			name = Release;
		};
		2E2223A21C8F0FBF00ACB611 /* Debug */ = {
			isa = XCBuildConfiguration;
			buildSettings = {
				ASSETCATALOG_COMPILER_APPICON_NAME = AppIcon;
				CODE_SIGN_IDENTITY = "iPhone Developer";
				"CODE_SIGN_IDENTITY[sdk=iphoneos*]" = "iPhone Developer";
				INFOPLIST_FILE = TestFoodAPI/Info.plist;
				IPHONEOS_DEPLOYMENT_TARGET = 8.0;
				LD_RUNPATH_SEARCH_PATHS = "$(inherited) @executable_path/Frameworks";
				PRODUCT_BUNDLE_IDENTIFIER = com.ibm.ca.TestFoodAPI;
				PRODUCT_NAME = "$(TARGET_NAME)";
				PROVISIONING_PROFILE = "";
			};
			name = Debug;
		};
		2E2223A31C8F0FBF00ACB611 /* Release */ = {
			isa = XCBuildConfiguration;
			buildSettings = {
				ASSETCATALOG_COMPILER_APPICON_NAME = AppIcon;
				CODE_SIGN_IDENTITY = "iPhone Developer";
				"CODE_SIGN_IDENTITY[sdk=iphoneos*]" = "iPhone Developer";
				INFOPLIST_FILE = TestFoodAPI/Info.plist;
				IPHONEOS_DEPLOYMENT_TARGET = 8.0;
				LD_RUNPATH_SEARCH_PATHS = "$(inherited) @executable_path/Frameworks";
				PRODUCT_BUNDLE_IDENTIFIER = com.ibm.ca.TestFoodAPI;
				PRODUCT_NAME = "$(TARGET_NAME)";
				PROVISIONING_PROFILE = "";
			};
			name = Release;
		};
/* End XCBuildConfiguration section */

/* Begin XCConfigurationList section */
		2E2223851C8F0FBF00ACB611 /* Build configuration list for PBXProject "TestFoodAPI" */ = {
			isa = XCConfigurationList;
			buildConfigurations = (
				2E22239F1C8F0FBF00ACB611 /* Debug */,
				2E2223A01C8F0FBF00ACB611 /* Release */,
			);
			defaultConfigurationIsVisible = 0;
			defaultConfigurationName = Release;
		};
		2E2223A11C8F0FBF00ACB611 /* Build configuration list for PBXNativeTarget "TestFoodAPI" */ = {
			isa = XCConfigurationList;
			buildConfigurations = (
				2E2223A21C8F0FBF00ACB611 /* Debug */,
				2E2223A31C8F0FBF00ACB611 /* Release */,
			);
			defaultConfigurationIsVisible = 0;
			defaultConfigurationName = Release;
		};
/* End XCConfigurationList section */
	};
	rootObject = 2E2223821C8F0FBF00ACB611 /* Project object */;
}
